
Microsoft Visual Studio Solution File, Format Version 12.00
# Visual Studio Version 16
VisualStudioVersion = 16.0.29403.142
MinimumVisualStudioVersion = 10.0.40219.1
Project("{FAE04EC0-301F-11D3-BF4B-00C04F79EFBC}") = "AdvancedPatternMatching", "AdvancedPatternMatching\AdvancedPatternMatching.csproj", "{DA44ADF1-AA88-4145-9A59-F83F6989482C}"
EndProject
Global
	GlobalSection(SolutionConfigurationPlatforms) = preSolution
		Debug|Any CPU = Debug|Any CPU
		Release|Any CPU = Release|Any CPU
	EndGlobalSection
	GlobalSection(ProjectConfigurationPlatforms) = postSolution
		{DA44ADF1-AA88-4145-9A59-F83F6989482C}.Debug|Any CPU.ActiveCfg = Debug|Any CPU
		{DA44ADF1-AA88-4145-9A59-F83F6989482C}.Debug|Any CPU.Build.0 = Debug|Any CPU
		{DA44ADF1-AA88-4145-9A59-F83F6989482C}.Release|Any CPU.ActiveCfg = Release|Any CPU
		{DA44ADF1-AA88-4145-9A59-F83F6989482C}.Release|Any CPU.Build.0 = Release|Any CPU
	EndGlobalSection
	GlobalSection(SolutionProperties) = preSolution
		HideSolutionNode = FALSE
	EndGlobalSection
	GlobalSection(ExtensibilityGlobals) = postSolution
		SolutionGuid = {D1685AB4-29E9-4F4B-9ECE-8E507CE6DAEC}
	EndGlobalSection
EndGlobal
